
Microsoft Visual Studio Solution File, Format Version 12.00
# Visual Studio 14
VisualStudioVersion = 14.0.23107.0
MinimumVisualStudioVersion = 10.0.40219.1
Project("{8BC9CEB8-8B4A-11D0-8D11-00A0C91BC942}") = "smp", "smp\smp.vcxproj", "{4F1E83F9-B5FC-41A5-998F-48FC9D0BD25A}"
EndProject
Project("{8BC9CEB8-8B4A-11D0-8D11-00A0C91BC942}") = "smp-console", "smp-console\smp-console.vcxproj", "{D690C489-94B5-45C9-BCCD-AF62C517313F}"
EndProject
Global
	GlobalSection(SolutionConfigurationPlatforms) = preSolution
		Debug|Any CPU = Debug|Any CPU
		Debug|x64 = Debug|x64
		Debug|x86 = Debug|x86
		Release|Any CPU = Release|Any CPU
		Release|x64 = Release|x64
		Release|x86 = Release|x86
	EndGlobalSection
	GlobalSection(ProjectConfigurationPlatforms) = postSolution
		{4F1E83F9-B5FC-41A5-998F-48FC9D0BD25A}.Debug|Any CPU.ActiveCfg = Debug|Win32
		{4F1E83F9-B5FC-41A5-998F-48FC9D0BD25A}.Debug|x64.ActiveCfg = Debug|x64
		{4F1E83F9-B5FC-41A5-998F-48FC9D0BD25A}.Debug|x64.Build.0 = Debug|x64
		{4F1E83F9-B5FC-41A5-998F-48FC9D0BD25A}.Debug|x86.ActiveCfg = Debug|Win32
		{4F1E83F9-B5FC-41A5-998F-48FC9D0BD25A}.Debug|x86.Build.0 = Debug|Win32
		{4F1E83F9-B5FC-41A5-998F-48FC9D0BD25A}.Release|Any CPU.ActiveCfg = Release|Win32
		{4F1E83F9-B5FC-41A5-998F-48FC9D0BD25A}.Release|x64.ActiveCfg = Release|x64
		{4F1E83F9-B5FC-41A5-998F-48FC9D0BD25A}.Release|x64.Build.0 = Release|x64
		{4F1E83F9-B5FC-41A5-998F-48FC9D0BD25A}.Release|x86.ActiveCfg = Release|Win32
		{4F1E83F9-B5FC-41A5-998F-48FC9D0BD25A}.Release|x86.Build.0 = Release|Win32
		{D690C489-94B5-45C9-BCCD-AF62C517313F}.Debug|Any CPU.ActiveCfg = Debug|Win32
		{D690C489-94B5-45C9-BCCD-AF62C517313F}.Debug|x64.ActiveCfg = Debug|x64
		{D690C489-94B5-45C9-BCCD-AF62C517313F}.Debug|x64.Build.0 = Debug|x64
		{D690C489-94B5-45C9-BCCD-AF62C517313F}.Debug|x86.ActiveCfg = Debug|Win32
		{D690C489-94B5-45C9-BCCD-AF62C517313F}.Debug|x86.Build.0 = Debug|Win32
		{D690C489-94B5-45C9-BCCD-AF62C517313F}.Release|Any CPU.ActiveCfg = Release|Win32
		{D690C489-94B5-45C9-BCCD-AF62C517313F}.Release|x64.ActiveCfg = Release|x64
		{D690C489-94B5-45C9-BCCD-AF62C517313F}.Release|x64.Build.0 = Release|x64
		{D690C489-94B5-45C9-BCCD-AF62C517313F}.Release|x86.ActiveCfg = Release|Win32
		{D690C489-94B5-45C9-BCCD-AF62C517313F}.Release|x86.Build.0 = Release|Win32
	EndGlobalSection
	GlobalSection(SolutionProperties) = preSolution
		HideSolutionNode = FALSE
	EndGlobalSection
EndGlobal
